
Microsoft Visual Studio Solution File, Format Version 12.00
# Visual Studio Version 17
VisualStudioVersion = 17.7.34024.191
MinimumVisualStudioVersion = 10.0.40219.1
Project("{FAE04EC0-301F-11D3-BF4B-00C04F79EFBC}") = "ConsoleApp14", "ConsoleApp14\ConsoleApp14.csproj", "{C99C22CD-84E3-47B4-939D-C9732C52F881}"
EndProject
Global
	GlobalSection(SolutionConfigurationPlatforms) = preSolution
		Debug|Any CPU = Debug|Any CPU
		Release|Any CPU = Release|Any CPU
	EndGlobalSection
	GlobalSection(ProjectConfigurationPlatforms) = postSolution
		{C99C22CD-84E3-47B4-939D-C9732C52F881}.Debug|Any CPU.ActiveCfg = Debug|Any CPU
		{C99C22CD-84E3-47B4-939D-C9732C52F881}.Debug|Any CPU.Build.0 = Debug|Any CPU
		{C99C22CD-84E3-47B4-939D-C9732C52F881}.Release|Any CPU.ActiveCfg = Release|Any CPU
		{C99C22CD-84E3-47B4-939D-C9732C52F881}.Release|Any CPU.Build.0 = Release|Any CPU
	EndGlobalSection
	GlobalSection(SolutionProperties) = preSolution
		HideSolutionNode = FALSE
	EndGlobalSection
	GlobalSection(ExtensibilityGlobals) = postSolution
		SolutionGuid = {AA97168F-0C16-426B-9E19-B6A0FAE197BF}
	EndGlobalSection
EndGlobal
